
Microsoft Visual Studio Solution File, Format Version 12.00
# Visual Studio Express 14 for Windows Desktop
VisualStudioVersion = 14.0.24720.0
MinimumVisualStudioVersion = 10.0.40219.1
Project("{8BC9CEB8-8B4A-11D0-8D11-00A0C91BC942}") = "functional", "examples\functional\functional.vcxproj", "{F6F486AE-0130-4649-9ED3-55125DDD9522}"
EndProject
Project("{8BC9CEB8-8B4A-11D0-8D11-00A0C91BC942}") = "serialization", "examples\serialization\serialization.vcxproj", "{A28C98B2-8622-422A-B832-6C68D5DFBE95}"
EndProject
Project("{8BC9CEB8-8B4A-11D0-8D11-00A0C91BC942}") = "event", "examples\event\event.vcxproj", "{56E53FA2-7934-4B3F-9FE9-7F5BBDE22035}"
EndProject
Project("{8BC9CEB8-8B4A-11D0-8D11-00A0C91BC942}") = "stream", "examples\stream\stream.vcxproj", "{08D139C0-6E11-4EC3-83C8-A02BE82B07CD}"
EndProject
Project("{8BC9CEB8-8B4A-11D0-8D11-00A0C91BC942}") = "network", "examples\network\network.vcxproj", "{9F2B2D04-673C-409E-B97F-F49707FD3354}"
EndProject
Project("{8BC9CEB8-8B4A-11D0-8D11-00A0C91BC942}") = "bitset", "examples\bitset\bitset.vcxproj", "{B5DEAA29-3106-418A-8847-FD62BCC2CECD}"
EndProject
Project("{8BC9CEB8-8B4A-11D0-8D11-00A0C91BC942}") = "random", "examples\random\random.vcxproj", "{EA89B16C-3F2B-406A-B9B7-090081CAA718}"
EndProject
Project("{8BC9CEB8-8B4A-11D0-8D11-00A0C91BC942}") = "memory", "examples\memory\memory.vcxproj", "{201A31E7-7C2D-4F4F-AFA1-C61A89F0AADC}"
EndProject
Project("{8BC9CEB8-8B4A-11D0-8D11-00A0C91BC942}") = "thread", "examples\thread\thread.vcxproj", "{CCFC9CA7-265F-4DC4-8ADA-C9E636EEDB20}"
EndProject
Project("{8BC9CEB8-8B4A-11D0-8D11-00A0C91BC942}") = "logger", "examples\logger\logger.vcxproj", "{EB021299-ED6F-4E8F-A43F-4E87A8D82D74}"
EndProject
Global
	GlobalSection(SolutionConfigurationPlatforms) = preSolution
		Debug|x64 = Debug|x64
		Debug|x86 = Debug|x86
		Release|x64 = Release|x64
		Release|x86 = Release|x86
	EndGlobalSection
	GlobalSection(ProjectConfigurationPlatforms) = postSolution
		{F6F486AE-0130-4649-9ED3-55125DDD9522}.Debug|x64.ActiveCfg = Debug|x64
		{F6F486AE-0130-4649-9ED3-55125DDD9522}.Debug|x64.Build.0 = Debug|x64
		{F6F486AE-0130-4649-9ED3-55125DDD9522}.Debug|x86.ActiveCfg = Debug|Win32
		{F6F486AE-0130-4649-9ED3-55125DDD9522}.Debug|x86.Build.0 = Debug|Win32
		{F6F486AE-0130-4649-9ED3-55125DDD9522}.Release|x64.ActiveCfg = Release|x64
		{F6F486AE-0130-4649-9ED3-55125DDD9522}.Release|x64.Build.0 = Release|x64
		{F6F486AE-0130-4649-9ED3-55125DDD9522}.Release|x86.ActiveCfg = Release|Win32
		{F6F486AE-0130-4649-9ED3-55125DDD9522}.Release|x86.Build.0 = Release|Win32
		{A28C98B2-8622-422A-B832-6C68D5DFBE95}.Debug|x64.ActiveCfg = Debug|x64
		{A28C98B2-8622-422A-B832-6C68D5DFBE95}.Debug|x64.Build.0 = Debug|x64
		{A28C98B2-8622-422A-B832-6C68D5DFBE95}.Debug|x86.ActiveCfg = Debug|Win32
		{A28C98B2-8622-422A-B832-6C68D5DFBE95}.Debug|x86.Build.0 = Debug|Win32
		{A28C98B2-8622-422A-B832-6C68D5DFBE95}.Release|x64.ActiveCfg = Release|x64
		{A28C98B2-8622-422A-B832-6C68D5DFBE95}.Release|x64.Build.0 = Release|x64
		{A28C98B2-8622-422A-B832-6C68D5DFBE95}.Release|x86.ActiveCfg = Release|Win32
		{A28C98B2-8622-422A-B832-6C68D5DFBE95}.Release|x86.Build.0 = Release|Win32
		{56E53FA2-7934-4B3F-9FE9-7F5BBDE22035}.Debug|x64.ActiveCfg = Debug|x64
		{56E53FA2-7934-4B3F-9FE9-7F5BBDE22035}.Debug|x64.Build.0 = Debug|x64
		{56E53FA2-7934-4B3F-9FE9-7F5BBDE22035}.Debug|x86.ActiveCfg = Debug|Win32
		{56E53FA2-7934-4B3F-9FE9-7F5BBDE22035}.Debug|x86.Build.0 = Debug|Win32
		{56E53FA2-7934-4B3F-9FE9-7F5BBDE22035}.Release|x64.ActiveCfg = Release|x64
		{56E53FA2-7934-4B3F-9FE9-7F5BBDE22035}.Release|x64.Build.0 = Release|x64
		{56E53FA2-7934-4B3F-9FE9-7F5BBDE22035}.Release|x86.ActiveCfg = Release|Win32
		{56E53FA2-7934-4B3F-9FE9-7F5BBDE22035}.Release|x86.Build.0 = Release|Win32
		{08D139C0-6E11-4EC3-83C8-A02BE82B07CD}.Debug|x64.ActiveCfg = Debug|x64
		{08D139C0-6E11-4EC3-83C8-A02BE82B07CD}.Debug|x64.Build.0 = Debug|x64
		{08D139C0-6E11-4EC3-83C8-A02BE82B07CD}.Debug|x86.ActiveCfg = Debug|Win32
		{08D139C0-6E11-4EC3-83C8-A02BE82B07CD}.Debug|x86.Build.0 = Debug|Win32
		{08D139C0-6E11-4EC3-83C8-A02BE82B07CD}.Release|x64.ActiveCfg = Release|x64
		{08D139C0-6E11-4EC3-83C8-A02BE82B07CD}.Release|x64.Build.0 = Release|x64
		{08D139C0-6E11-4EC3-83C8-A02BE82B07CD}.Release|x86.ActiveCfg = Release|Win32
		{08D139C0-6E11-4EC3-83C8-A02BE82B07CD}.Release|x86.Build.0 = Release|Win32
		{9F2B2D04-673C-409E-B97F-F49707FD3354}.Debug|x64.ActiveCfg = Debug|x64
		{9F2B2D04-673C-409E-B97F-F49707FD3354}.Debug|x64.Build.0 = Debug|x64
		{9F2B2D04-673C-409E-B97F-F49707FD3354}.Debug|x86.ActiveCfg = Debug|Win32
		{9F2B2D04-673C-409E-B97F-F49707FD3354}.Debug|x86.Build.0 = Debug|Win32
		{9F2B2D04-673C-409E-B97F-F49707FD3354}.Release|x64.ActiveCfg = Release|x64
		{9F2B2D04-673C-409E-B97F-F49707FD3354}.Release|x64.Build.0 = Release|x64
		{9F2B2D04-673C-409E-B97F-F49707FD3354}.Release|x86.ActiveCfg = Release|Win32
		{9F2B2D04-673C-409E-B97F-F49707FD3354}.Release|x86.Build.0 = Release|Win32
		{B5DEAA29-3106-418A-8847-FD62BCC2CECD}.Debug|x64.ActiveCfg = Debug|x64
		{B5DEAA29-3106-418A-8847-FD62BCC2CECD}.Debug|x64.Build.0 = Debug|x64
		{B5DEAA29-3106-418A-8847-FD62BCC2CECD}.Debug|x86.ActiveCfg = Debug|Win32
		{B5DEAA29-3106-418A-8847-FD62BCC2CECD}.Debug|x86.Build.0 = Debug|Win32
		{B5DEAA29-3106-418A-8847-FD62BCC2CECD}.Release|x64.ActiveCfg = Release|x64
		{B5DEAA29-3106-418A-8847-FD62BCC2CECD}.Release|x64.Build.0 = Release|x64
		{B5DEAA29-3106-418A-8847-FD62BCC2CECD}.Release|x86.ActiveCfg = Release|Win32
		{B5DEAA29-3106-418A-8847-FD62BCC2CECD}.Release|x86.Build.0 = Release|Win32
		{EA89B16C-3F2B-406A-B9B7-090081CAA718}.Debug|x64.ActiveCfg = Debug|x64
		{EA89B16C-3F2B-406A-B9B7-090081CAA718}.Debug|x64.Build.0 = Debug|x64
		{EA89B16C-3F2B-406A-B9B7-090081CAA718}.Debug|x86.ActiveCfg = Debug|Win32
		{EA89B16C-3F2B-406A-B9B7-090081CAA718}.Debug|x86.Build.0 = Debug|Win32
		{EA89B16C-3F2B-406A-B9B7-090081CAA718}.Release|x64.ActiveCfg = Release|x64
		{EA89B16C-3F2B-406A-B9B7-090081CAA718}.Release|x64.Build.0 = Release|x64
		{EA89B16C-3F2B-406A-B9B7-090081CAA718}.Release|x86.ActiveCfg = Release|Win32
		{EA89B16C-3F2B-406A-B9B7-090081CAA718}.Release|x86.Build.0 = Release|Win32
		{201A31E7-7C2D-4F4F-AFA1-C61A89F0AADC}.Debug|x64.ActiveCfg = Debug|x64
		{201A31E7-7C2D-4F4F-AFA1-C61A89F0AADC}.Debug|x64.Build.0 = Debug|x64
		{201A31E7-7C2D-4F4F-AFA1-C61A89F0AADC}.Debug|x86.ActiveCfg = Debug|Win32
		{201A31E7-7C2D-4F4F-AFA1-C61A89F0AADC}.Debug|x86.Build.0 = Debug|Win32
		{201A31E7-7C2D-4F4F-AFA1-C61A89F0AADC}.Release|x64.ActiveCfg = Release|x64
		{201A31E7-7C2D-4F4F-AFA1-C61A89F0AADC}.Release|x64.Build.0 = Release|x64
		{201A31E7-7C2D-4F4F-AFA1-C61A89F0AADC}.Release|x86.ActiveCfg = Release|Win32
		{201A31E7-7C2D-4F4F-AFA1-C61A89F0AADC}.Release|x86.Build.0 = Release|Win32
		{CCFC9CA7-265F-4DC4-8ADA-C9E636EEDB20}.Debug|x64.ActiveCfg = Debug|x64
		{CCFC9CA7-265F-4DC4-8ADA-C9E636EEDB20}.Debug|x64.Build.0 = Debug|x64
		{CCFC9CA7-265F-4DC4-8ADA-C9E636EEDB20}.Debug|x86.ActiveCfg = Debug|Win32
		{CCFC9CA7-265F-4DC4-8ADA-C9E636EEDB20}.Debug|x86.Build.0 = Debug|Win32
		{CCFC9CA7-265F-4DC4-8ADA-C9E636EEDB20}.Release|x64.ActiveCfg = Release|x64
		{CCFC9CA7-265F-4DC4-8ADA-C9E636EEDB20}.Release|x64.Build.0 = Release|x64
		{CCFC9CA7-265F-4DC4-8ADA-C9E636EEDB20}.Release|x86.ActiveCfg = Release|Win32
		{CCFC9CA7-265F-4DC4-8ADA-C9E636EEDB20}.Release|x86.Build.0 = Release|Win32
		{EB021299-ED6F-4E8F-A43F-4E87A8D82D74}.Debug|x64.ActiveCfg = Debug|x64
		{EB021299-ED6F-4E8F-A43F-4E87A8D82D74}.Debug|x64.Build.0 = Debug|x64
		{EB021299-ED6F-4E8F-A43F-4E87A8D82D74}.Debug|x86.ActiveCfg = Debug|Win32
		{EB021299-ED6F-4E8F-A43F-4E87A8D82D74}.Debug|x86.Build.0 = Debug|Win32
		{EB021299-ED6F-4E8F-A43F-4E87A8D82D74}.Release|x64.ActiveCfg = Release|x64
		{EB021299-ED6F-4E8F-A43F-4E87A8D82D74}.Release|x64.Build.0 = Release|x64
		{EB021299-ED6F-4E8F-A43F-4E87A8D82D74}.Release|x86.ActiveCfg = Release|Win32
		{EB021299-ED6F-4E8F-A43F-4E87A8D82D74}.Release|x86.Build.0 = Release|Win32
	EndGlobalSection
	GlobalSection(SolutionProperties) = preSolution
		HideSolutionNode = FALSE
	EndGlobalSection
EndGlobal
